
Microsoft Visual Studio Solution File, Format Version 12.00
# Visual Studio Version 16
VisualStudioVersion = 16.0.31702.278
MinimumVisualStudioVersion = 10.0.40219.1
Project("{FAE04EC0-301F-11D3-BF4B-00C04F79EFBC}") = "HotelsApp", "HotelsApp\HotelsApp.csproj", "{26B48E94-CA05-4356-AC9C-C40615F5F674}"
EndProject
Global
	GlobalSection(SolutionConfigurationPlatforms) = preSolution
		Debug|Any CPU = Debug|Any CPU
		Release|Any CPU = Release|Any CPU
	EndGlobalSection
	GlobalSection(ProjectConfigurationPlatforms) = postSolution
		{26B48E94-CA05-4356-AC9C-C40615F5F674}.Debug|Any CPU.ActiveCfg = Debug|Any CPU
		{26B48E94-CA05-4356-AC9C-C40615F5F674}.Debug|Any CPU.Build.0 = Debug|Any CPU
		{26B48E94-CA05-4356-AC9C-C40615F5F674}.Release|Any CPU.ActiveCfg = Release|Any CPU
		{26B48E94-CA05-4356-AC9C-C40615F5F674}.Release|Any CPU.Build.0 = Release|Any CPU
	EndGlobalSection
	GlobalSection(SolutionProperties) = preSolution
		HideSolutionNode = FALSE
	EndGlobalSection
	GlobalSection(ExtensibilityGlobals) = postSolution
		SolutionGuid = {A6A27094-4A58-4DEA-B25C-61EAF8FD1AC1}
	EndGlobalSection
EndGlobal
